// !$*UTF8*$!
{
	archiveVersion = 1;
	classes = {
	};
	objectVersion = 46;
	objects = {

/* Begin PBXBuildFile section */
		222802BA1D52D1C90059CEF7 /* AppDelegate.m in Sources */ = {isa = PBXBuildFile; fileRef = 222802B91D52D1C90059CEF7 /* AppDelegate.m */; };
		222802BD1D52D1C90059CEF7 /* main.m in Sources */ = {isa = PBXBuildFile; fileRef = 222802BC1D52D1C90059CEF7 /* main.m */; };
		222802BF1D52D1C90059CEF7 /* Assets.xcassets in Resources */ = {isa = PBXBuildFile; fileRef = 222802BE1D52D1C90059CEF7 /* Assets.xcassets */; };
		222802C21D52D1C90059CEF7 /* MainMenu.xib in Resources */ = {isa = PBXBuildFile; fileRef = 222802C01D52D1C90059CEF7 /* MainMenu.xib */; };
		222802CC1D52D9550059CEF7 /* TJDropbox.m in Sources */ = {isa = PBXBuildFile; fileRef = 222802CB1D52D9550059CEF7 /* TJDropbox.m */; };
/* End PBXBuildFile section */

/* Begin PBXFileReference section */
		222802B51D52D1C90059CEF7 /* Rhea.app */ = {isa = PBXFileReference; explicitFileType = wrapper.application; includeInIndex = 0; path = Rhea.app; sourceTree = BUILT_PRODUCTS_DIR; };
		222802B81D52D1C90059CEF7 /* AppDelegate.h */ = {isa = PBXFileReference; lastKnownFileType = sourcecode.c.h; path = AppDelegate.h; sourceTree = "<group>"; };
		222802B91D52D1C90059CEF7 /* AppDelegate.m */ = {isa = PBXFileReference; lastKnownFileType = sourcecode.c.objc; path = AppDelegate.m; sourceTree = "<group>"; };
		222802BC1D52D1C90059CEF7 /* main.m */ = {isa = PBXFileReference; lastKnownFileType = sourcecode.c.objc; path = main.m; sourceTree = "<group>"; };
		222802BE1D52D1C90059CEF7 /* Assets.xcassets */ = {isa = PBXFileReference; lastKnownFileType = folder.assetcatalog; path = Assets.xcassets; sourceTree = "<group>"; };
		222802C11D52D1C90059CEF7 /* Base */ = {isa = PBXFileReference; lastKnownFileType = file.xib; name = Base; path = Base.lproj/MainMenu.xib; sourceTree = "<group>"; };
		222802C31D52D1C90059CEF7 /* Info.plist */ = {isa = PBXFileReference; lastKnownFileType = text.plist.xml; path = Info.plist; sourceTree = "<group>"; };
		222802CA1D52D9550059CEF7 /* TJDropbox.h */ = {isa = PBXFileReference; fileEncoding = 4; lastKnownFileType = sourcecode.c.h; name = TJDropbox.h; path = ../Vendor/TJDropbox/TJDropbox/TJDropbox.h; sourceTree = "<group>"; };
		222802CB1D52D9550059CEF7 /* TJDropbox.m */ = {isa = PBXFileReference; fileEncoding = 4; lastKnownFileType = sourcecode.c.objc; name = TJDropbox.m; path = ../Vendor/TJDropbox/TJDropbox/TJDropbox.m; sourceTree = "<group>"; };
/* End PBXFileReference section */

/* Begin PBXFrameworksBuildPhase section */
		222802B21D52D1C90059CEF7 /* Frameworks */ = {
			isa = PBXFrameworksBuildPhase;
			buildActionMask = 2147483647;
			files = (
			);
			runOnlyForDeploymentPostprocessing = 0;
		};
/* End PBXFrameworksBuildPhase section */

/* Begin PBXGroup section */
		222802AC1D52D1C90059CEF7 = {
			isa = PBXGroup;
			children = (
				222802B71D52D1C90059CEF7 /* Rhea */,
				222802B61D52D1C90059CEF7 /* Products */,
			);
			sourceTree = "<group>";
		};
		222802B61D52D1C90059CEF7 /* Products */ = {
			isa = PBXGroup;
			children = (
				222802B51D52D1C90059CEF7 /* Rhea.app */,
			);
			name = Products;
			sourceTree = "<group>";
		};
		222802B71D52D1C90059CEF7 /* Rhea */ = {
			isa = PBXGroup;
			children = (
				222802B81D52D1C90059CEF7 /* AppDelegate.h */,
				222802B91D52D1C90059CEF7 /* AppDelegate.m */,
				222802C91D52D9460059CEF7 /* Vendor */,
				222802BE1D52D1C90059CEF7 /* Assets.xcassets */,
				222802C01D52D1C90059CEF7 /* MainMenu.xib */,
				222802C31D52D1C90059CEF7 /* Info.plist */,
				222802BB1D52D1C90059CEF7 /* Supporting Files */,
			);
			path = Rhea;
			sourceTree = "<group>";
		};
		222802BB1D52D1C90059CEF7 /* Supporting Files */ = {
			isa = PBXGroup;
			children = (
				222802BC1D52D1C90059CEF7 /* main.m */,
			);
			name = "Supporting Files";
			sourceTree = "<group>";
		};
		222802C91D52D9460059CEF7 /* Vendor */ = {
			isa = PBXGroup;
			children = (
				222802CD1D52D9590059CEF7 /* TJDropbox */,
			);
			name = Vendor;
			sourceTree = "<group>";
		};
		222802CD1D52D9590059CEF7 /* TJDropbox */ = {
			isa = PBXGroup;
			children = (
				222802CA1D52D9550059CEF7 /* TJDropbox.h */,
				222802CB1D52D9550059CEF7 /* TJDropbox.m */,
			);
			name = TJDropbox;
			sourceTree = "<group>";
		};
/* End PBXGroup section */

/* Begin PBXNativeTarget section */
		222802B41D52D1C90059CEF7 /* Rhea */ = {
			isa = PBXNativeTarget;
			buildConfigurationList = 222802C61D52D1C90059CEF7 /* Build configuration list for PBXNativeTarget "Rhea" */;
			buildPhases = (
				222802B11D52D1C90059CEF7 /* Sources */,
				222802B21D52D1C90059CEF7 /* Frameworks */,
				222802B31D52D1C90059CEF7 /* Resources */,
			);
			buildRules = (
			);
			dependencies = (
			);
			name = Rhea;
			productName = Rhea;
			productReference = 222802B51D52D1C90059CEF7 /* Rhea.app */;
			productType = "com.apple.product-type.application";
		};
/* End PBXNativeTarget section */

/* Begin PBXProject section */
		222802AD1D52D1C90059CEF7 /* Project object */ = {
			isa = PBXProject;
			attributes = {
				LastUpgradeCheck = 0730;
				ORGANIZATIONNAME = tijo;
				TargetAttributes = {
					222802B41D52D1C90059CEF7 = {
						CreatedOnToolsVersion = 7.3.1;
					};
				};
			};
			buildConfigurationList = 222802B01D52D1C90059CEF7 /* Build configuration list for PBXProject "Rhea" */;
			compatibilityVersion = "Xcode 3.2";
			developmentRegion = English;
			hasScannedForEncodings = 0;
			knownRegions = (
				en,
				Base,
			);
			mainGroup = 222802AC1D52D1C90059CEF7;
			productRefGroup = 222802B61D52D1C90059CEF7 /* Products */;
			projectDirPath = "";
			projectRoot = "";
			targets = (
				222802B41D52D1C90059CEF7 /* Rhea */,
			);
		};
/* End PBXProject section */

/* Begin PBXResourcesBuildPhase section */
		222802B31D52D1C90059CEF7 /* Resources */ = {
			isa = PBXResourcesBuildPhase;
			buildActionMask = 2147483647;
			files = (
				222802BF1D52D1C90059CEF7 /* Assets.xcassets in Resources */,
				222802C21D52D1C90059CEF7 /* MainMenu.xib in Resources */,
			);
			runOnlyForDeploymentPostprocessing = 0;
		};
/* End PBXResourcesBuildPhase section */

/* Begin PBXSourcesBuildPhase section */
		222802B11D52D1C90059CEF7 /* Sources */ = {
			isa = PBXSourcesBuildPhase;
			buildActionMask = 2147483647;
			files = (
				222802CC1D52D9550059CEF7 /* TJDropbox.m in Sources */,
				222802BD1D52D1C90059CEF7 /* main.m in Sources */,
				222802BA1D52D1C90059CEF7 /* AppDelegate.m in Sources */,
			);
			runOnlyForDeploymentPostprocessing = 0;
		};
/* End PBXSourcesBuildPhase section */

/* Begin PBXVariantGroup section */
		222802C01D52D1C90059CEF7 /* MainMenu.xib */ = {
			isa = PBXVariantGroup;
			children = (
				222802C11D52D1C90059CEF7 /* Base */,
			);
			name = MainMenu.xib;
			sourceTree = "<group>";
		};
/* End PBXVariantGroup section */

/* Begin XCBuildConfiguration section */
		222802C41D52D1C90059CEF7 /* Debug */ = {
			isa = XCBuildConfiguration;
			buildSettings = {
				ALWAYS_SEARCH_USER_PATHS = NO;
				CLANG_ANALYZER_NONNULL = YES;
				CLANG_CXX_LANGUAGE_STANDARD = "gnu++0x";
				CLANG_CXX_LIBRARY = "libc++";
				CLANG_ENABLE_MODULES = YES;
				CLANG_ENABLE_OBJC_ARC = YES;
				CLANG_WARN_BOOL_CONVERSION = YES;
				CLANG_WARN_CONSTANT_CONVERSION = YES;
				CLANG_WARN_DIRECT_OBJC_ISA_USAGE = YES_ERROR;
				CLANG_WARN_EMPTY_BODY = YES;
				CLANG_WARN_ENUM_CONVERSION = YES;
				CLANG_WARN_INT_CONVERSION = YES;
				CLANG_WARN_OBJC_ROOT_CLASS = YES_ERROR;
				CLANG_WARN_UNREACHABLE_CODE = YES;
				CLANG_WARN__DUPLICATE_METHOD_MATCH = YES;
				CODE_SIGN_IDENTITY = "-";
				COPY_PHASE_STRIP = NO;
				DEBUG_INFORMATION_FORMAT = dwarf;
				ENABLE_STRICT_OBJC_MSGSEND = YES;
				ENABLE_TESTABILITY = YES;
				GCC_C_LANGUAGE_STANDARD = gnu99;
				GCC_DYNAMIC_NO_PIC = NO;
				GCC_NO_COMMON_BLOCKS = YES;
				GCC_OPTIMIZATION_LEVEL = 0;
				GCC_PREPROCESSOR_DEFINITIONS = (
					"DEBUG=1",
					"$(inherited)",
				);
				GCC_WARN_64_TO_32_BIT_CONVERSION = YES;
				GCC_WARN_ABOUT_RETURN_TYPE = YES_ERROR;
				GCC_WARN_UNDECLARED_SELECTOR = YES;
				GCC_WARN_UNINITIALIZED_AUTOS = YES_AGGRESSIVE;
				GCC_WARN_UNUSED_FUNCTION = YES;
				GCC_WARN_UNUSED_VARIABLE = YES;
				MACOSX_DEPLOYMENT_TARGET = 10.11;
				MTL_ENABLE_DEBUG_INFO = YES;
				ONLY_ACTIVE_ARCH = YES;
				SDKROOT = macosx;
			};
			name = Debug;
		};
		222802C51D52D1C90059CEF7 /* Release */ = {
			isa = XCBuildConfiguration;
			buildSettings = {
				ALWAYS_SEARCH_USER_PATHS = NO;
				CLANG_ANALYZER_NONNULL = YES;
				CLANG_CXX_LANGUAGE_STANDARD = "gnu++0x";
				CLANG_CXX_LIBRARY = "libc++";
				CLANG_ENABLE_MODULES = YES;
				CLANG_ENABLE_OBJC_ARC = YES;
				CLANG_WARN_BOOL_CONVERSION = YES;
				CLANG_WARN_CONSTANT_CONVERSION = YES;
				CLANG_WARN_DIRECT_OBJC_ISA_USAGE = YES_ERROR;
				CLANG_WARN_EMPTY_BODY = YES;
				CLANG_WARN_ENUM_CONVERSION = YES;
				CLANG_WARN_INT_CONVERSION = YES;
				CLANG_WARN_OBJC_ROOT_CLASS = YES_ERROR;
				CLANG_WARN_UNREACHABLE_CODE = YES;
				CLANG_WARN__DUPLICATE_METHOD_MATCH = YES;
				CODE_SIGN_IDENTITY = "-";
				COPY_PHASE_STRIP = NO;
				DEBUG_INFORMATION_FORMAT = "dwarf-with-dsym";
				ENABLE_NS_ASSERTIONS = NO;
				ENABLE_STRICT_OBJC_MSGSEND = YES;
				GCC_C_LANGUAGE_STANDARD = gnu99;
				GCC_NO_COMMON_BLOCKS = YES;
				GCC_WARN_64_TO_32_BIT_CONVERSION = YES;
				GCC_WARN_ABOUT_RETURN_TYPE = YES_ERROR;
				GCC_WARN_UNDECLARED_SELECTOR = YES;
				GCC_WARN_UNINITIALIZED_AUTOS = YES_AGGRESSIVE;
				GCC_WARN_UNUSED_FUNCTION = YES;
				GCC_WARN_UNUSED_VARIABLE = YES;
				MACOSX_DEPLOYMENT_TARGET = 10.11;
				MTL_ENABLE_DEBUG_INFO = NO;
				SDKROOT = macosx;
			};
			name = Release;
		};
		222802C71D52D1C90059CEF7 /* Debug */ = {
			isa = XCBuildConfiguration;
			buildSettings = {
				ASSETCATALOG_COMPILER_APPICON_NAME = AppIcon;
				COMBINE_HIDPI_IMAGES = YES;
				INFOPLIST_FILE = Rhea/Info.plist;
				LD_RUNPATH_SEARCH_PATHS = "$(inherited) @executable_path/../Frameworks";
				PRODUCT_BUNDLE_IDENTIFIER = com.tijo.Rhea;
				PRODUCT_NAME = "$(TARGET_NAME)";
			};
			name = Debug;
		};
		222802C81D52D1C90059CEF7 /* Release */ = {
			isa = XCBuildConfiguration;
			buildSettings = {
				ASSETCATALOG_COMPILER_APPICON_NAME = AppIcon;
				COMBINE_HIDPI_IMAGES = YES;
				INFOPLIST_FILE = Rhea/Info.plist;
				LD_RUNPATH_SEARCH_PATHS = "$(inherited) @executable_path/../Frameworks";
				PRODUCT_BUNDLE_IDENTIFIER = com.tijo.Rhea;
				PRODUCT_NAME = "$(TARGET_NAME)";
			};
			name = Release;
		};
/* End XCBuildConfiguration section */

/* Begin XCConfigurationList section */
		222802B01D52D1C90059CEF7 /* Build configuration list for PBXProject "Rhea" */ = {
			isa = XCConfigurationList;
			buildConfigurations = (
				222802C41D52D1C90059CEF7 /* Debug */,
				222802C51D52D1C90059CEF7 /* Release */,
			);
			defaultConfigurationIsVisible = 0;
			defaultConfigurationName = Release;
		};
		222802C61D52D1C90059CEF7 /* Build configuration list for PBXNativeTarget "Rhea" */ = {
			isa = XCConfigurationList;
			buildConfigurations = (
				222802C71D52D1C90059CEF7 /* Debug */,
				222802C81D52D1C90059CEF7 /* Release */,
			);
			defaultConfigurationIsVisible = 0;
		};
/* End XCConfigurationList section */
	};
	rootObject = 222802AD1D52D1C90059CEF7 /* Project object */;
}
