// !$*UTF8*$!
{
	archiveVersion = 1;
	classes = {
	};
	objectVersion = 54;
	objects = {

/* Begin PBXBuildFile section */
		2209D5511D5D6FD400F49DAB /* SAMKeychain.m in Sources */ = {isa = PBXBuildFile; fileRef = 2209D54E1D5D6FD400F49DAB /* SAMKeychain.m */; };
		2209D5521D5D6FD400F49DAB /* SAMKeychainQuery.m in Sources */ = {isa = PBXBuildFile; fileRef = 2209D5501D5D6FD400F49DAB /* SAMKeychainQuery.m */; };
		222802BA1D52D1C90059CEF7 /* AppDelegate.m in Sources */ = {isa = PBXBuildFile; fileRef = 222802B91D52D1C90059CEF7 /* AppDelegate.m */; };
		222802BD1D52D1C90059CEF7 /* main.m in Sources */ = {isa = PBXBuildFile; fileRef = 222802BC1D52D1C90059CEF7 /* main.m */; };
		222802BF1D52D1C90059CEF7 /* Assets.xcassets in Resources */ = {isa = PBXBuildFile; fileRef = 222802BE1D52D1C90059CEF7 /* Assets.xcassets */; };
		222802C21D52D1C90059CEF7 /* MainMenu.xib in Resources */ = {isa = PBXBuildFile; fileRef = 222802C01D52D1C90059CEF7 /* MainMenu.xib */; };
		222802CC1D52D9550059CEF7 /* TJDropbox.m in Sources */ = {isa = PBXBuildFile; fileRef = 222802CB1D52D9550059CEF7 /* TJDropbox.m */; };
		2261D4AC1D7219B300E6ECDD /* RHEAMenuItem.m in Sources */ = {isa = PBXBuildFile; fileRef = 2261D4AB1D7219B300E6ECDD /* RHEAMenuItem.m */; };
		227C14D91D55B4D60043EABC /* RHEAEntityResolver.m in Sources */ = {isa = PBXBuildFile; fileRef = 227C14D81D55B4D60043EABC /* RHEAEntityResolver.m */; };
		22B48CBA207A942C00C5BFA9 /* TJURLShortener.m in Sources */ = {isa = PBXBuildFile; fileRef = 22B48CB9207A942C00C5BFA9 /* TJURLShortener.m */; };
		22D2837E2BE87ED3005E2071 /* constants.c in Sources */ = {isa = PBXBuildFile; fileRef = 22D283162BE87ED3005E2071 /* constants.c */; };
		22D2837F2BE87ED3005E2071 /* context.c in Sources */ = {isa = PBXBuildFile; fileRef = 22D283182BE87ED3005E2071 /* context.c */; };
		22D283802BE87ED3005E2071 /* dictionary.c in Sources */ = {isa = PBXBuildFile; fileRef = 22D2831A2BE87ED3005E2071 /* dictionary.c */; };
		22D283812BE87ED3005E2071 /* platform.c in Sources */ = {isa = PBXBuildFile; fileRef = 22D2831C2BE87ED3005E2071 /* platform.c */; };
		22D283822BE87ED3005E2071 /* shared_dictionary.c in Sources */ = {isa = PBXBuildFile; fileRef = 22D2831F2BE87ED3005E2071 /* shared_dictionary.c */; };
		22D283832BE87ED3005E2071 /* transform.c in Sources */ = {isa = PBXBuildFile; fileRef = 22D283202BE87ED3005E2071 /* transform.c */; };
		22D283882BE87ED3005E2071 /* backward_references_hq.c in Sources */ = {isa = PBXBuildFile; fileRef = 22D2832D2BE87ED3005E2071 /* backward_references_hq.c */; };
		22D283892BE87ED3005E2071 /* backward_references.c in Sources */ = {isa = PBXBuildFile; fileRef = 22D283302BE87ED3005E2071 /* backward_references.c */; };
		22D2838A2BE87ED3005E2071 /* bit_cost.c in Sources */ = {isa = PBXBuildFile; fileRef = 22D283332BE87ED3005E2071 /* bit_cost.c */; };
		22D2838B2BE87ED3005E2071 /* block_splitter.c in Sources */ = {isa = PBXBuildFile; fileRef = 22D283372BE87ED3005E2071 /* block_splitter.c */; };
		22D2838C2BE87ED3005E2071 /* brotli_bit_stream.c in Sources */ = {isa = PBXBuildFile; fileRef = 22D283392BE87ED3005E2071 /* brotli_bit_stream.c */; };
		22D2838D2BE87ED3005E2071 /* cluster.c in Sources */ = {isa = PBXBuildFile; fileRef = 22D2833C2BE87ED3005E2071 /* cluster.c */; };
		22D2838E2BE87ED3005E2071 /* command.c in Sources */ = {isa = PBXBuildFile; fileRef = 22D2833E2BE87ED3005E2071 /* command.c */; };
		22D2838F2BE87ED3005E2071 /* compound_dictionary.c in Sources */ = {isa = PBXBuildFile; fileRef = 22D283402BE87ED3005E2071 /* compound_dictionary.c */; };
		22D283902BE87ED3005E2071 /* compress_fragment_two_pass.c in Sources */ = {isa = PBXBuildFile; fileRef = 22D283422BE87ED3005E2071 /* compress_fragment_two_pass.c */; };
		22D283912BE87ED3005E2071 /* compress_fragment.c in Sources */ = {isa = PBXBuildFile; fileRef = 22D283442BE87ED3005E2071 /* compress_fragment.c */; };
		22D283922BE87ED3005E2071 /* dictionary_hash.c in Sources */ = {isa = PBXBuildFile; fileRef = 22D283462BE87ED3005E2071 /* dictionary_hash.c */; };
		22D283932BE87ED3005E2071 /* encode.c in Sources */ = {isa = PBXBuildFile; fileRef = 22D283482BE87ED3005E2071 /* encode.c */; };
		22D283942BE87ED3005E2071 /* encoder_dict.c in Sources */ = {isa = PBXBuildFile; fileRef = 22D283492BE87ED3005E2071 /* encoder_dict.c */; };
		22D283952BE87ED3005E2071 /* entropy_encode.c in Sources */ = {isa = PBXBuildFile; fileRef = 22D2834C2BE87ED3005E2071 /* entropy_encode.c */; };
		22D283962BE87ED3005E2071 /* fast_log.c in Sources */ = {isa = PBXBuildFile; fileRef = 22D2834E2BE87ED3005E2071 /* fast_log.c */; };
		22D283972BE87ED3005E2071 /* histogram.c in Sources */ = {isa = PBXBuildFile; fileRef = 22D2835A2BE87ED3005E2071 /* histogram.c */; };
		22D283982BE87ED3005E2071 /* literal_cost.c in Sources */ = {isa = PBXBuildFile; fileRef = 22D2835C2BE87ED3005E2071 /* literal_cost.c */; };
		22D283992BE87ED3005E2071 /* memory.c in Sources */ = {isa = PBXBuildFile; fileRef = 22D2835E2BE87ED3005E2071 /* memory.c */; };
		22D2839A2BE87ED3005E2071 /* metablock.c in Sources */ = {isa = PBXBuildFile; fileRef = 22D283612BE87ED3005E2071 /* metablock.c */; };
		22D2839B2BE87ED3005E2071 /* static_dict.c in Sources */ = {isa = PBXBuildFile; fileRef = 22D283692BE87ED3005E2071 /* static_dict.c */; };
		22D2839C2BE87ED3005E2071 /* utf8_util.c in Sources */ = {isa = PBXBuildFile; fileRef = 22D2836B2BE87ED3005E2071 /* utf8_util.c */; };
		22D283A02BE87ED3005E2071 /* NSData+TJBrotli.m in Sources */ = {isa = PBXBuildFile; fileRef = 22D2837C2BE87ED3005E2071 /* NSData+TJBrotli.m */; };
		22DE17BA1D721B1D003DC15C /* NSURL+Rhea.m in Sources */ = {isa = PBXBuildFile; fileRef = 22DE17B91D721B1D003DC15C /* NSURL+Rhea.m */; };
/* End PBXBuildFile section */

/* Begin PBXFileReference section */
		2209D54D1D5D6FD400F49DAB /* SAMKeychain.h */ = {isa = PBXFileReference; fileEncoding = 4; lastKnownFileType = sourcecode.c.h; name = SAMKeychain.h; path = ../Vendor/SAMKeychain/Sources/SAMKeychain.h; sourceTree = "<group>"; };
		2209D54E1D5D6FD400F49DAB /* SAMKeychain.m */ = {isa = PBXFileReference; fileEncoding = 4; lastKnownFileType = sourcecode.c.objc; name = SAMKeychain.m; path = ../Vendor/SAMKeychain/Sources/SAMKeychain.m; sourceTree = "<group>"; };
		2209D54F1D5D6FD400F49DAB /* SAMKeychainQuery.h */ = {isa = PBXFileReference; fileEncoding = 4; lastKnownFileType = sourcecode.c.h; name = SAMKeychainQuery.h; path = ../Vendor/SAMKeychain/Sources/SAMKeychainQuery.h; sourceTree = "<group>"; };
		2209D5501D5D6FD400F49DAB /* SAMKeychainQuery.m */ = {isa = PBXFileReference; fileEncoding = 4; lastKnownFileType = sourcecode.c.objc; name = SAMKeychainQuery.m; path = ../Vendor/SAMKeychain/Sources/SAMKeychainQuery.m; sourceTree = "<group>"; };
		222802B51D52D1C90059CEF7 /* Rhea.app */ = {isa = PBXFileReference; explicitFileType = wrapper.application; includeInIndex = 0; path = Rhea.app; sourceTree = BUILT_PRODUCTS_DIR; };
		222802B81D52D1C90059CEF7 /* AppDelegate.h */ = {isa = PBXFileReference; lastKnownFileType = sourcecode.c.h; path = AppDelegate.h; sourceTree = "<group>"; };
		222802B91D52D1C90059CEF7 /* AppDelegate.m */ = {isa = PBXFileReference; lastKnownFileType = sourcecode.c.objc; path = AppDelegate.m; sourceTree = "<group>"; };
		222802BC1D52D1C90059CEF7 /* main.m */ = {isa = PBXFileReference; lastKnownFileType = sourcecode.c.objc; path = main.m; sourceTree = "<group>"; };
		222802BE1D52D1C90059CEF7 /* Assets.xcassets */ = {isa = PBXFileReference; lastKnownFileType = folder.assetcatalog; path = Assets.xcassets; sourceTree = "<group>"; };
		222802C11D52D1C90059CEF7 /* Base */ = {isa = PBXFileReference; lastKnownFileType = file.xib; name = Base; path = Base.lproj/MainMenu.xib; sourceTree = "<group>"; };
		222802C31D52D1C90059CEF7 /* Info.plist */ = {isa = PBXFileReference; lastKnownFileType = text.plist.xml; path = Info.plist; sourceTree = "<group>"; };
		222802CA1D52D9550059CEF7 /* TJDropbox.h */ = {isa = PBXFileReference; fileEncoding = 4; lastKnownFileType = sourcecode.c.h; name = TJDropbox.h; path = ../Vendor/TJDropbox/TJDropbox/TJDropbox.h; sourceTree = "<group>"; };
		222802CB1D52D9550059CEF7 /* TJDropbox.m */ = {isa = PBXFileReference; fileEncoding = 4; lastKnownFileType = sourcecode.c.objc; name = TJDropbox.m; path = ../Vendor/TJDropbox/TJDropbox/TJDropbox.m; sourceTree = "<group>"; };
		2261D4AA1D7219B300E6ECDD /* RHEAMenuItem.h */ = {isa = PBXFileReference; fileEncoding = 4; lastKnownFileType = sourcecode.c.h; path = RHEAMenuItem.h; sourceTree = "<group>"; };
		2261D4AB1D7219B300E6ECDD /* RHEAMenuItem.m */ = {isa = PBXFileReference; fileEncoding = 4; lastKnownFileType = sourcecode.c.objc; path = RHEAMenuItem.m; sourceTree = "<group>"; };
		227C14D71D55B4D60043EABC /* RHEAEntityResolver.h */ = {isa = PBXFileReference; fileEncoding = 4; lastKnownFileType = sourcecode.c.h; path = RHEAEntityResolver.h; sourceTree = "<group>"; };
		227C14D81D55B4D60043EABC /* RHEAEntityResolver.m */ = {isa = PBXFileReference; fileEncoding = 4; lastKnownFileType = sourcecode.c.objc; path = RHEAEntityResolver.m; sourceTree = "<group>"; };
		22B48CB8207A942C00C5BFA9 /* TJURLShortener.h */ = {isa = PBXFileReference; lastKnownFileType = sourcecode.c.h; name = TJURLShortener.h; path = ../Vendor/TJURLShortener/TJURLShortener.h; sourceTree = "<group>"; };
		22B48CB9207A942C00C5BFA9 /* TJURLShortener.m */ = {isa = PBXFileReference; lastKnownFileType = sourcecode.c.objc; name = TJURLShortener.m; path = ../Vendor/TJURLShortener/TJURLShortener.m; sourceTree = "<group>"; };
		22D283162BE87ED3005E2071 /* constants.c */ = {isa = PBXFileReference; fileEncoding = 4; lastKnownFileType = sourcecode.c.c; path = constants.c; sourceTree = "<group>"; };
		22D283172BE87ED3005E2071 /* constants.h */ = {isa = PBXFileReference; fileEncoding = 4; lastKnownFileType = sourcecode.c.h; path = constants.h; sourceTree = "<group>"; };
		22D283182BE87ED3005E2071 /* context.c */ = {isa = PBXFileReference; fileEncoding = 4; lastKnownFileType = sourcecode.c.c; path = context.c; sourceTree = "<group>"; };
		22D283192BE87ED3005E2071 /* context.h */ = {isa = PBXFileReference; fileEncoding = 4; lastKnownFileType = sourcecode.c.h; path = context.h; sourceTree = "<group>"; };
		22D2831A2BE87ED3005E2071 /* dictionary.c */ = {isa = PBXFileReference; fileEncoding = 4; lastKnownFileType = sourcecode.c.c; path = dictionary.c; sourceTree = "<group>"; };
		22D2831B2BE87ED3005E2071 /* dictionary.h */ = {isa = PBXFileReference; fileEncoding = 4; lastKnownFileType = sourcecode.c.h; path = dictionary.h; sourceTree = "<group>"; };
		22D2831C2BE87ED3005E2071 /* platform.c */ = {isa = PBXFileReference; fileEncoding = 4; lastKnownFileType = sourcecode.c.c; path = platform.c; sourceTree = "<group>"; };
		22D2831D2BE87ED3005E2071 /* platform.h */ = {isa = PBXFileReference; fileEncoding = 4; lastKnownFileType = sourcecode.c.h; path = platform.h; sourceTree = "<group>"; };
		22D2831E2BE87ED3005E2071 /* shared_dictionary_internal.h */ = {isa = PBXFileReference; fileEncoding = 4; lastKnownFileType = sourcecode.c.h; path = shared_dictionary_internal.h; sourceTree = "<group>"; };
		22D2831F2BE87ED3005E2071 /* shared_dictionary.c */ = {isa = PBXFileReference; fileEncoding = 4; lastKnownFileType = sourcecode.c.c; path = shared_dictionary.c; sourceTree = "<group>"; };
		22D283202BE87ED3005E2071 /* transform.c */ = {isa = PBXFileReference; fileEncoding = 4; lastKnownFileType = sourcecode.c.c; path = transform.c; sourceTree = "<group>"; };
		22D283212BE87ED3005E2071 /* transform.h */ = {isa = PBXFileReference; fileEncoding = 4; lastKnownFileType = sourcecode.c.h; path = transform.h; sourceTree = "<group>"; };
		22D283222BE87ED3005E2071 /* version.h */ = {isa = PBXFileReference; fileEncoding = 4; lastKnownFileType = sourcecode.c.h; path = version.h; sourceTree = "<group>"; };
		22D2832D2BE87ED3005E2071 /* backward_references_hq.c */ = {isa = PBXFileReference; fileEncoding = 4; lastKnownFileType = sourcecode.c.c; path = backward_references_hq.c; sourceTree = "<group>"; };
		22D2832E2BE87ED3005E2071 /* backward_references_hq.h */ = {isa = PBXFileReference; fileEncoding = 4; lastKnownFileType = sourcecode.c.h; path = backward_references_hq.h; sourceTree = "<group>"; };
		22D2832F2BE87ED3005E2071 /* backward_references_inc.h */ = {isa = PBXFileReference; fileEncoding = 4; lastKnownFileType = sourcecode.c.h; path = backward_references_inc.h; sourceTree = "<group>"; };
		22D283302BE87ED3005E2071 /* backward_references.c */ = {isa = PBXFileReference; fileEncoding = 4; lastKnownFileType = sourcecode.c.c; path = backward_references.c; sourceTree = "<group>"; };
		22D283312BE87ED3005E2071 /* backward_references.h */ = {isa = PBXFileReference; fileEncoding = 4; lastKnownFileType = sourcecode.c.h; path = backward_references.h; sourceTree = "<group>"; };
		22D283322BE87ED3005E2071 /* bit_cost_inc.h */ = {isa = PBXFileReference; fileEncoding = 4; lastKnownFileType = sourcecode.c.h; path = bit_cost_inc.h; sourceTree = "<group>"; };
		22D283332BE87ED3005E2071 /* bit_cost.c */ = {isa = PBXFileReference; fileEncoding = 4; lastKnownFileType = sourcecode.c.c; path = bit_cost.c; sourceTree = "<group>"; };
		22D283342BE87ED3005E2071 /* bit_cost.h */ = {isa = PBXFileReference; fileEncoding = 4; lastKnownFileType = sourcecode.c.h; path = bit_cost.h; sourceTree = "<group>"; };
		22D283352BE87ED3005E2071 /* block_encoder_inc.h */ = {isa = PBXFileReference; fileEncoding = 4; lastKnownFileType = sourcecode.c.h; path = block_encoder_inc.h; sourceTree = "<group>"; };
		22D283362BE87ED3005E2071 /* block_splitter_inc.h */ = {isa = PBXFileReference; fileEncoding = 4; lastKnownFileType = sourcecode.c.h; path = block_splitter_inc.h; sourceTree = "<group>"; };
		22D283372BE87ED3005E2071 /* block_splitter.c */ = {isa = PBXFileReference; fileEncoding = 4; lastKnownFileType = sourcecode.c.c; path = block_splitter.c; sourceTree = "<group>"; };
		22D283382BE87ED3005E2071 /* block_splitter.h */ = {isa = PBXFileReference; fileEncoding = 4; lastKnownFileType = sourcecode.c.h; path = block_splitter.h; sourceTree = "<group>"; };
		22D283392BE87ED3005E2071 /* brotli_bit_stream.c */ = {isa = PBXFileReference; fileEncoding = 4; lastKnownFileType = sourcecode.c.c; path = brotli_bit_stream.c; sourceTree = "<group>"; };
		22D2833A2BE87ED3005E2071 /* brotli_bit_stream.h */ = {isa = PBXFileReference; fileEncoding = 4; lastKnownFileType = sourcecode.c.h; path = brotli_bit_stream.h; sourceTree = "<group>"; };
		22D2833B2BE87ED3005E2071 /* cluster_inc.h */ = {isa = PBXFileReference; fileEncoding = 4; lastKnownFileType = sourcecode.c.h; path = cluster_inc.h; sourceTree = "<group>"; };
		22D2833C2BE87ED3005E2071 /* cluster.c */ = {isa = PBXFileReference; fileEncoding = 4; lastKnownFileType = sourcecode.c.c; path = cluster.c; sourceTree = "<group>"; };
		22D2833D2BE87ED3005E2071 /* cluster.h */ = {isa = PBXFileReference; fileEncoding = 4; lastKnownFileType = sourcecode.c.h; path = cluster.h; sourceTree = "<group>"; };
		22D2833E2BE87ED3005E2071 /* command.c */ = {isa = PBXFileReference; fileEncoding = 4; lastKnownFileType = sourcecode.c.c; path = command.c; sourceTree = "<group>"; };
		22D2833F2BE87ED3005E2071 /* command.h */ = {isa = PBXFileReference; fileEncoding = 4; lastKnownFileType = sourcecode.c.h; path = command.h; sourceTree = "<group>"; };
		22D283402BE87ED3005E2071 /* compound_dictionary.c */ = {isa = PBXFileReference; fileEncoding = 4; lastKnownFileType = sourcecode.c.c; path = compound_dictionary.c; sourceTree = "<group>"; };
		22D283412BE87ED3005E2071 /* compound_dictionary.h */ = {isa = PBXFileReference; fileEncoding = 4; lastKnownFileType = sourcecode.c.h; path = compound_dictionary.h; sourceTree = "<group>"; };
		22D283422BE87ED3005E2071 /* compress_fragment_two_pass.c */ = {isa = PBXFileReference; fileEncoding = 4; lastKnownFileType = sourcecode.c.c; path = compress_fragment_two_pass.c; sourceTree = "<group>"; };
		22D283432BE87ED3005E2071 /* compress_fragment_two_pass.h */ = {isa = PBXFileReference; fileEncoding = 4; lastKnownFileType = sourcecode.c.h; path = compress_fragment_two_pass.h; sourceTree = "<group>"; };
		22D283442BE87ED3005E2071 /* compress_fragment.c */ = {isa = PBXFileReference; fileEncoding = 4; lastKnownFileType = sourcecode.c.c; path = compress_fragment.c; sourceTree = "<group>"; };
		22D283452BE87ED3005E2071 /* compress_fragment.h */ = {isa = PBXFileReference; fileEncoding = 4; lastKnownFileType = sourcecode.c.h; path = compress_fragment.h; sourceTree = "<group>"; };
		22D283462BE87ED3005E2071 /* dictionary_hash.c */ = {isa = PBXFileReference; fileEncoding = 4; lastKnownFileType = sourcecode.c.c; path = dictionary_hash.c; sourceTree = "<group>"; };
		22D283472BE87ED3005E2071 /* dictionary_hash.h */ = {isa = PBXFileReference; fileEncoding = 4; lastKnownFileType = sourcecode.c.h; path = dictionary_hash.h; sourceTree = "<group>"; };
		22D283482BE87ED3005E2071 /* encode.c */ = {isa = PBXFileReference; fileEncoding = 4; lastKnownFileType = sourcecode.c.c; path = encode.c; sourceTree = "<group>"; };
		22D283492BE87ED3005E2071 /* encoder_dict.c */ = {isa = PBXFileReference; fileEncoding = 4; lastKnownFileType = sourcecode.c.c; path = encoder_dict.c; sourceTree = "<group>"; };
		22D2834A2BE87ED3005E2071 /* encoder_dict.h */ = {isa = PBXFileReference; fileEncoding = 4; lastKnownFileType = sourcecode.c.h; path = encoder_dict.h; sourceTree = "<group>"; };
		22D2834B2BE87ED3005E2071 /* entropy_encode_static.h */ = {isa = PBXFileReference; fileEncoding = 4; lastKnownFileType = sourcecode.c.h; path = entropy_encode_static.h; sourceTree = "<group>"; };
		22D2834C2BE87ED3005E2071 /* entropy_encode.c */ = {isa = PBXFileReference; fileEncoding = 4; lastKnownFileType = sourcecode.c.c; path = entropy_encode.c; sourceTree = "<group>"; };
		22D2834D2BE87ED3005E2071 /* entropy_encode.h */ = {isa = PBXFileReference; fileEncoding = 4; lastKnownFileType = sourcecode.c.h; path = entropy_encode.h; sourceTree = "<group>"; };
		22D2834E2BE87ED3005E2071 /* fast_log.c */ = {isa = PBXFileReference; fileEncoding = 4; lastKnownFileType = sourcecode.c.c; path = fast_log.c; sourceTree = "<group>"; };
		22D2834F2BE87ED3005E2071 /* fast_log.h */ = {isa = PBXFileReference; fileEncoding = 4; lastKnownFileType = sourcecode.c.h; path = fast_log.h; sourceTree = "<group>"; };
		22D283502BE87ED3005E2071 /* find_match_length.h */ = {isa = PBXFileReference; fileEncoding = 4; lastKnownFileType = sourcecode.c.h; path = find_match_length.h; sourceTree = "<group>"; };
		22D283512BE87ED3005E2071 /* hash_composite_inc.h */ = {isa = PBXFileReference; fileEncoding = 4; lastKnownFileType = sourcecode.c.h; path = hash_composite_inc.h; sourceTree = "<group>"; };
		22D283522BE87ED3005E2071 /* hash_forgetful_chain_inc.h */ = {isa = PBXFileReference; fileEncoding = 4; lastKnownFileType = sourcecode.c.h; path = hash_forgetful_chain_inc.h; sourceTree = "<group>"; };
		22D283532BE87ED3005E2071 /* hash_longest_match_inc.h */ = {isa = PBXFileReference; fileEncoding = 4; lastKnownFileType = sourcecode.c.h; path = hash_longest_match_inc.h; sourceTree = "<group>"; };
		22D283542BE87ED3005E2071 /* hash_longest_match_quickly_inc.h */ = {isa = PBXFileReference; fileEncoding = 4; lastKnownFileType = sourcecode.c.h; path = hash_longest_match_quickly_inc.h; sourceTree = "<group>"; };
		22D283552BE87ED3005E2071 /* hash_longest_match64_inc.h */ = {isa = PBXFileReference; fileEncoding = 4; lastKnownFileType = sourcecode.c.h; path = hash_longest_match64_inc.h; sourceTree = "<group>"; };
		22D283562BE87ED3005E2071 /* hash_rolling_inc.h */ = {isa = PBXFileReference; fileEncoding = 4; lastKnownFileType = sourcecode.c.h; path = hash_rolling_inc.h; sourceTree = "<group>"; };
		22D283572BE87ED3005E2071 /* hash_to_binary_tree_inc.h */ = {isa = PBXFileReference; fileEncoding = 4; lastKnownFileType = sourcecode.c.h; path = hash_to_binary_tree_inc.h; sourceTree = "<group>"; };
		22D283582BE87ED3005E2071 /* hash.h */ = {isa = PBXFileReference; fileEncoding = 4; lastKnownFileType = sourcecode.c.h; path = hash.h; sourceTree = "<group>"; };
		22D283592BE87ED3005E2071 /* histogram_inc.h */ = {isa = PBXFileReference; fileEncoding = 4; lastKnownFileType = sourcecode.c.h; path = histogram_inc.h; sourceTree = "<group>"; };
		22D2835A2BE87ED3005E2071 /* histogram.c */ = {isa = PBXFileReference; fileEncoding = 4; lastKnownFileType = sourcecode.c.c; path = histogram.c; sourceTree = "<group>"; };
		22D2835B2BE87ED3005E2071 /* histogram.h */ = {isa = PBXFileReference; fileEncoding = 4; lastKnownFileType = sourcecode.c.h; path = histogram.h; sourceTree = "<group>"; };
		22D2835C2BE87ED3005E2071 /* literal_cost.c */ = {isa = PBXFileReference; fileEncoding = 4; lastKnownFileType = sourcecode.c.c; path = literal_cost.c; sourceTree = "<group>"; };
		22D2835D2BE87ED3005E2071 /* literal_cost.h */ = {isa = PBXFileReference; fileEncoding = 4; lastKnownFileType = sourcecode.c.h; path = literal_cost.h; sourceTree = "<group>"; };
		22D2835E2BE87ED3005E2071 /* memory.c */ = {isa = PBXFileReference; fileEncoding = 4; lastKnownFileType = sourcecode.c.c; path = memory.c; sourceTree = "<group>"; };
		22D2835F2BE87ED3005E2071 /* memory.h */ = {isa = PBXFileReference; fileEncoding = 4; lastKnownFileType = sourcecode.c.h; path = memory.h; sourceTree = "<group>"; };
		22D283602BE87ED3005E2071 /* metablock_inc.h */ = {isa = PBXFileReference; fileEncoding = 4; lastKnownFileType = sourcecode.c.h; path = metablock_inc.h; sourceTree = "<group>"; };
		22D283612BE87ED3005E2071 /* metablock.c */ = {isa = PBXFileReference; fileEncoding = 4; lastKnownFileType = sourcecode.c.c; path = metablock.c; sourceTree = "<group>"; };
		22D283622BE87ED3005E2071 /* metablock.h */ = {isa = PBXFileReference; fileEncoding = 4; lastKnownFileType = sourcecode.c.h; path = metablock.h; sourceTree = "<group>"; };
		22D283632BE87ED3005E2071 /* params.h */ = {isa = PBXFileReference; fileEncoding = 4; lastKnownFileType = sourcecode.c.h; path = params.h; sourceTree = "<group>"; };
		22D283642BE87ED3005E2071 /* prefix.h */ = {isa = PBXFileReference; fileEncoding = 4; lastKnownFileType = sourcecode.c.h; path = prefix.h; sourceTree = "<group>"; };
		22D283652BE87ED3005E2071 /* quality.h */ = {isa = PBXFileReference; fileEncoding = 4; lastKnownFileType = sourcecode.c.h; path = quality.h; sourceTree = "<group>"; };
		22D283662BE87ED3005E2071 /* ringbuffer.h */ = {isa = PBXFileReference; fileEncoding = 4; lastKnownFileType = sourcecode.c.h; path = ringbuffer.h; sourceTree = "<group>"; };
		22D283672BE87ED3005E2071 /* state.h */ = {isa = PBXFileReference; fileEncoding = 4; lastKnownFileType = sourcecode.c.h; path = state.h; sourceTree = "<group>"; };
		22D283682BE87ED3005E2071 /* static_dict_lut.h */ = {isa = PBXFileReference; fileEncoding = 4; lastKnownFileType = sourcecode.c.h; path = static_dict_lut.h; sourceTree = "<group>"; };
		22D283692BE87ED3005E2071 /* static_dict.c */ = {isa = PBXFileReference; fileEncoding = 4; lastKnownFileType = sourcecode.c.c; path = static_dict.c; sourceTree = "<group>"; };
		22D2836A2BE87ED3005E2071 /* static_dict.h */ = {isa = PBXFileReference; fileEncoding = 4; lastKnownFileType = sourcecode.c.h; path = static_dict.h; sourceTree = "<group>"; };
		22D2836B2BE87ED3005E2071 /* utf8_util.c */ = {isa = PBXFileReference; fileEncoding = 4; lastKnownFileType = sourcecode.c.c; path = utf8_util.c; sourceTree = "<group>"; };
		22D2836C2BE87ED3005E2071 /* utf8_util.h */ = {isa = PBXFileReference; fileEncoding = 4; lastKnownFileType = sourcecode.c.h; path = utf8_util.h; sourceTree = "<group>"; };
		22D2836D2BE87ED3005E2071 /* write_bits.h */ = {isa = PBXFileReference; fileEncoding = 4; lastKnownFileType = sourcecode.c.h; path = write_bits.h; sourceTree = "<group>"; };
		22D2836F2BE87ED3005E2071 /* decode.h */ = {isa = PBXFileReference; fileEncoding = 4; lastKnownFileType = sourcecode.c.h; path = decode.h; sourceTree = "<group>"; };
		22D283702BE87ED3005E2071 /* encode.h */ = {isa = PBXFileReference; fileEncoding = 4; lastKnownFileType = sourcecode.c.h; path = encode.h; sourceTree = "<group>"; };
		22D283712BE87ED3005E2071 /* port.h */ = {isa = PBXFileReference; fileEncoding = 4; lastKnownFileType = sourcecode.c.h; path = port.h; sourceTree = "<group>"; };
		22D283722BE87ED3005E2071 /* shared_dictionary.h */ = {isa = PBXFileReference; fileEncoding = 4; lastKnownFileType = sourcecode.c.h; path = shared_dictionary.h; sourceTree = "<group>"; };
		22D283732BE87ED3005E2071 /* types.h */ = {isa = PBXFileReference; fileEncoding = 4; lastKnownFileType = sourcecode.c.h; path = types.h; sourceTree = "<group>"; };
		22D283772BE87ED3005E2071 /* brotli.md */ = {isa = PBXFileReference; fileEncoding = 4; lastKnownFileType = net.daringfireball.markdown; path = brotli.md; sourceTree = "<group>"; };
		22D2837B2BE87ED3005E2071 /* NSData+TJBrotli.h */ = {isa = PBXFileReference; fileEncoding = 4; lastKnownFileType = sourcecode.c.h; path = "NSData+TJBrotli.h"; sourceTree = "<group>"; };
		22D2837C2BE87ED3005E2071 /* NSData+TJBrotli.m */ = {isa = PBXFileReference; fileEncoding = 4; lastKnownFileType = sourcecode.c.objc; path = "NSData+TJBrotli.m"; sourceTree = "<group>"; };
		22DE17B81D721B1D003DC15C /* NSURL+Rhea.h */ = {isa = PBXFileReference; fileEncoding = 4; lastKnownFileType = sourcecode.c.h; path = "NSURL+Rhea.h"; sourceTree = "<group>"; };
		22DE17B91D721B1D003DC15C /* NSURL+Rhea.m */ = {isa = PBXFileReference; fileEncoding = 4; lastKnownFileType = sourcecode.c.objc; path = "NSURL+Rhea.m"; sourceTree = "<group>"; };
		22E2184D1DAAF84B00CD0EBE /* Rhea.entitlements */ = {isa = PBXFileReference; lastKnownFileType = text.plist.entitlements; path = Rhea.entitlements; sourceTree = "<group>"; };
/* End PBXFileReference section */

/* Begin PBXFrameworksBuildPhase section */
		222802B21D52D1C90059CEF7 /* Frameworks */ = {
			isa = PBXFrameworksBuildPhase;
			buildActionMask = 2147483647;
			files = (
			);
			runOnlyForDeploymentPostprocessing = 0;
		};
/* End PBXFrameworksBuildPhase section */

/* Begin PBXGroup section */
		2209D5531D5D6FD800F49DAB /* SAMKeychain */ = {
			isa = PBXGroup;
			children = (
				2209D54D1D5D6FD400F49DAB /* SAMKeychain.h */,
				2209D54E1D5D6FD400F49DAB /* SAMKeychain.m */,
				2209D54F1D5D6FD400F49DAB /* SAMKeychainQuery.h */,
				2209D5501D5D6FD400F49DAB /* SAMKeychainQuery.m */,
			);
			name = SAMKeychain;
			sourceTree = "<group>";
		};
		222802AC1D52D1C90059CEF7 = {
			isa = PBXGroup;
			children = (
				222802B71D52D1C90059CEF7 /* Rhea */,
				222802B61D52D1C90059CEF7 /* Products */,
			);
			sourceTree = "<group>";
		};
		222802B61D52D1C90059CEF7 /* Products */ = {
			isa = PBXGroup;
			children = (
				222802B51D52D1C90059CEF7 /* Rhea.app */,
			);
			name = Products;
			sourceTree = "<group>";
		};
		222802B71D52D1C90059CEF7 /* Rhea */ = {
			isa = PBXGroup;
			children = (
				22E2184D1DAAF84B00CD0EBE /* Rhea.entitlements */,
				222802B81D52D1C90059CEF7 /* AppDelegate.h */,
				222802B91D52D1C90059CEF7 /* AppDelegate.m */,
				2261D4AA1D7219B300E6ECDD /* RHEAMenuItem.h */,
				2261D4AB1D7219B300E6ECDD /* RHEAMenuItem.m */,
				22B48CB8207A942C00C5BFA9 /* TJURLShortener.h */,
				22B48CB9207A942C00C5BFA9 /* TJURLShortener.m */,
				22D283792BE87ED3005E2071 /* brotli_c */,
				22D2837D2BE87ED3005E2071 /* Classes */,
				227C14D71D55B4D60043EABC /* RHEAEntityResolver.h */,
				227C14D81D55B4D60043EABC /* RHEAEntityResolver.m */,
				22DE17B81D721B1D003DC15C /* NSURL+Rhea.h */,
				22DE17B91D721B1D003DC15C /* NSURL+Rhea.m */,
				222802C91D52D9460059CEF7 /* Vendor */,
				222802BE1D52D1C90059CEF7 /* Assets.xcassets */,
				222802C01D52D1C90059CEF7 /* MainMenu.xib */,
				222802C31D52D1C90059CEF7 /* Info.plist */,
				222802BB1D52D1C90059CEF7 /* Supporting Files */,
			);
			path = Rhea;
			sourceTree = "<group>";
		};
		222802BB1D52D1C90059CEF7 /* Supporting Files */ = {
			isa = PBXGroup;
			children = (
				222802BC1D52D1C90059CEF7 /* main.m */,
			);
			name = "Supporting Files";
			sourceTree = "<group>";
		};
		222802C91D52D9460059CEF7 /* Vendor */ = {
			isa = PBXGroup;
			children = (
				222802CD1D52D9590059CEF7 /* TJDropbox */,
				2209D5531D5D6FD800F49DAB /* SAMKeychain */,
			);
			name = Vendor;
			sourceTree = "<group>";
		};
		222802CD1D52D9590059CEF7 /* TJDropbox */ = {
			isa = PBXGroup;
			children = (
				222802CA1D52D9550059CEF7 /* TJDropbox.h */,
				222802CB1D52D9550059CEF7 /* TJDropbox.m */,
			);
			name = TJDropbox;
			sourceTree = "<group>";
		};
		22D283232BE87ED3005E2071 /* common */ = {
			isa = PBXGroup;
			children = (
				22D283162BE87ED3005E2071 /* constants.c */,
				22D283172BE87ED3005E2071 /* constants.h */,
				22D283182BE87ED3005E2071 /* context.c */,
				22D283192BE87ED3005E2071 /* context.h */,
				22D2831A2BE87ED3005E2071 /* dictionary.c */,
				22D2831B2BE87ED3005E2071 /* dictionary.h */,
				22D2831C2BE87ED3005E2071 /* platform.c */,
				22D2831D2BE87ED3005E2071 /* platform.h */,
				22D2831E2BE87ED3005E2071 /* shared_dictionary_internal.h */,
				22D2831F2BE87ED3005E2071 /* shared_dictionary.c */,
				22D283202BE87ED3005E2071 /* transform.c */,
				22D283212BE87ED3005E2071 /* transform.h */,
				22D283222BE87ED3005E2071 /* version.h */,
			);
			path = common;
			sourceTree = "<group>";
		};
		22D2836E2BE87ED3005E2071 /* enc */ = {
			isa = PBXGroup;
			children = (
				22D2832D2BE87ED3005E2071 /* backward_references_hq.c */,
				22D2832E2BE87ED3005E2071 /* backward_references_hq.h */,
				22D2832F2BE87ED3005E2071 /* backward_references_inc.h */,
				22D283302BE87ED3005E2071 /* backward_references.c */,
				22D283312BE87ED3005E2071 /* backward_references.h */,
				22D283322BE87ED3005E2071 /* bit_cost_inc.h */,
				22D283332BE87ED3005E2071 /* bit_cost.c */,
				22D283342BE87ED3005E2071 /* bit_cost.h */,
				22D283352BE87ED3005E2071 /* block_encoder_inc.h */,
				22D283362BE87ED3005E2071 /* block_splitter_inc.h */,
				22D283372BE87ED3005E2071 /* block_splitter.c */,
				22D283382BE87ED3005E2071 /* block_splitter.h */,
				22D283392BE87ED3005E2071 /* brotli_bit_stream.c */,
				22D2833A2BE87ED3005E2071 /* brotli_bit_stream.h */,
				22D2833B2BE87ED3005E2071 /* cluster_inc.h */,
				22D2833C2BE87ED3005E2071 /* cluster.c */,
				22D2833D2BE87ED3005E2071 /* cluster.h */,
				22D2833E2BE87ED3005E2071 /* command.c */,
				22D2833F2BE87ED3005E2071 /* command.h */,
				22D283402BE87ED3005E2071 /* compound_dictionary.c */,
				22D283412BE87ED3005E2071 /* compound_dictionary.h */,
				22D283422BE87ED3005E2071 /* compress_fragment_two_pass.c */,
				22D283432BE87ED3005E2071 /* compress_fragment_two_pass.h */,
				22D283442BE87ED3005E2071 /* compress_fragment.c */,
				22D283452BE87ED3005E2071 /* compress_fragment.h */,
				22D283462BE87ED3005E2071 /* dictionary_hash.c */,
				22D283472BE87ED3005E2071 /* dictionary_hash.h */,
				22D283482BE87ED3005E2071 /* encode.c */,
				22D283492BE87ED3005E2071 /* encoder_dict.c */,
				22D2834A2BE87ED3005E2071 /* encoder_dict.h */,
				22D2834B2BE87ED3005E2071 /* entropy_encode_static.h */,
				22D2834C2BE87ED3005E2071 /* entropy_encode.c */,
				22D2834D2BE87ED3005E2071 /* entropy_encode.h */,
				22D2834E2BE87ED3005E2071 /* fast_log.c */,
				22D2834F2BE87ED3005E2071 /* fast_log.h */,
				22D283502BE87ED3005E2071 /* find_match_length.h */,
				22D283512BE87ED3005E2071 /* hash_composite_inc.h */,
				22D283522BE87ED3005E2071 /* hash_forgetful_chain_inc.h */,
				22D283532BE87ED3005E2071 /* hash_longest_match_inc.h */,
				22D283542BE87ED3005E2071 /* hash_longest_match_quickly_inc.h */,
				22D283552BE87ED3005E2071 /* hash_longest_match64_inc.h */,
				22D283562BE87ED3005E2071 /* hash_rolling_inc.h */,
				22D283572BE87ED3005E2071 /* hash_to_binary_tree_inc.h */,
				22D283582BE87ED3005E2071 /* hash.h */,
				22D283592BE87ED3005E2071 /* histogram_inc.h */,
				22D2835A2BE87ED3005E2071 /* histogram.c */,
				22D2835B2BE87ED3005E2071 /* histogram.h */,
				22D2835C2BE87ED3005E2071 /* literal_cost.c */,
				22D2835D2BE87ED3005E2071 /* literal_cost.h */,
				22D2835E2BE87ED3005E2071 /* memory.c */,
				22D2835F2BE87ED3005E2071 /* memory.h */,
				22D283602BE87ED3005E2071 /* metablock_inc.h */,
				22D283612BE87ED3005E2071 /* metablock.c */,
				22D283622BE87ED3005E2071 /* metablock.h */,
				22D283632BE87ED3005E2071 /* params.h */,
				22D283642BE87ED3005E2071 /* prefix.h */,
				22D283652BE87ED3005E2071 /* quality.h */,
				22D283662BE87ED3005E2071 /* ringbuffer.h */,
				22D283672BE87ED3005E2071 /* state.h */,
				22D283682BE87ED3005E2071 /* static_dict_lut.h */,
				22D283692BE87ED3005E2071 /* static_dict.c */,
				22D2836A2BE87ED3005E2071 /* static_dict.h */,
				22D2836B2BE87ED3005E2071 /* utf8_util.c */,
				22D2836C2BE87ED3005E2071 /* utf8_util.h */,
				22D2836D2BE87ED3005E2071 /* write_bits.h */,
			);
			path = enc;
			sourceTree = "<group>";
		};
		22D283742BE87ED3005E2071 /* brotli */ = {
			isa = PBXGroup;
			children = (
				22D2836F2BE87ED3005E2071 /* decode.h */,
				22D283702BE87ED3005E2071 /* encode.h */,
				22D283712BE87ED3005E2071 /* port.h */,
				22D283722BE87ED3005E2071 /* shared_dictionary.h */,
				22D283732BE87ED3005E2071 /* types.h */,
			);
			path = brotli;
			sourceTree = "<group>";
		};
		22D283752BE87ED3005E2071 /* include */ = {
			isa = PBXGroup;
			children = (
				22D283742BE87ED3005E2071 /* brotli */,
			);
			path = include;
			sourceTree = "<group>";
		};
		22D283782BE87ED3005E2071 /* tools */ = {
			isa = PBXGroup;
			children = (
				22D283772BE87ED3005E2071 /* brotli.md */,
			);
			path = tools;
			sourceTree = "<group>";
		};
		22D283792BE87ED3005E2071 /* brotli_c */ = {
			isa = PBXGroup;
			children = (
				22D283232BE87ED3005E2071 /* common */,
				22D2836E2BE87ED3005E2071 /* enc */,
				22D283752BE87ED3005E2071 /* include */,
				22D283782BE87ED3005E2071 /* tools */,
			);
			name = brotli_c;
			path = Vendor/Brotli/Brotli/brotli_c;
			sourceTree = SOURCE_ROOT;
		};
		22D2837D2BE87ED3005E2071 /* Classes */ = {
			isa = PBXGroup;
			children = (
				22D2837B2BE87ED3005E2071 /* NSData+TJBrotli.h */,
				22D2837C2BE87ED3005E2071 /* NSData+TJBrotli.m */,
			);
			name = Classes;
			path = Vendor/Brotli/Brotli/Classes;
			sourceTree = SOURCE_ROOT;
		};
/* End PBXGroup section */

/* Begin PBXNativeTarget section */
		222802B41D52D1C90059CEF7 /* Rhea */ = {
			isa = PBXNativeTarget;
			buildConfigurationList = 222802C61D52D1C90059CEF7 /* Build configuration list for PBXNativeTarget "Rhea" */;
			buildPhases = (
				222802B11D52D1C90059CEF7 /* Sources */,
				222802B21D52D1C90059CEF7 /* Frameworks */,
				222802B31D52D1C90059CEF7 /* Resources */,
				22D2EC9F2F37993A006E75DA /* Minify */,
			);
			buildRules = (
			);
			dependencies = (
			);
			name = Rhea;
			productName = Rhea;
			productReference = 222802B51D52D1C90059CEF7 /* Rhea.app */;
			productType = "com.apple.product-type.application";
		};
/* End PBXNativeTarget section */

/* Begin PBXProject section */
		222802AD1D52D1C90059CEF7 /* Project object */ = {
			isa = PBXProject;
			attributes = {
				BuildIndependentTargetsInParallel = YES;
				LastUpgradeCheck = 1520;
				ORGANIZATIONNAME = tijo;
				TargetAttributes = {
					222802B41D52D1C90059CEF7 = {
						CreatedOnToolsVersion = 7.3.1;
						SystemCapabilities = {
							com.apple.Sandbox = {
								enabled = 1;
							};
						};
					};
				};
			};
			buildConfigurationList = 222802B01D52D1C90059CEF7 /* Build configuration list for PBXProject "Rhea" */;
			compatibilityVersion = "Xcode 3.2";
			developmentRegion = English;
			hasScannedForEncodings = 0;
			knownRegions = (
				English,
				en,
				Base,
			);
			mainGroup = 222802AC1D52D1C90059CEF7;
			productRefGroup = 222802B61D52D1C90059CEF7 /* Products */;
			projectDirPath = "";
			projectRoot = "";
			targets = (
				222802B41D52D1C90059CEF7 /* Rhea */,
			);
		};
/* End PBXProject section */

/* Begin PBXResourcesBuildPhase section */
		222802B31D52D1C90059CEF7 /* Resources */ = {
			isa = PBXResourcesBuildPhase;
			buildActionMask = 2147483647;
			files = (
				222802BF1D52D1C90059CEF7 /* Assets.xcassets in Resources */,
				222802C21D52D1C90059CEF7 /* MainMenu.xib in Resources */,
			);
			runOnlyForDeploymentPostprocessing = 0;
		};
/* End PBXResourcesBuildPhase section */

/* Begin PBXShellScriptBuildPhase section */
		22D2EC9F2F37993A006E75DA /* Minify */ = {
			isa = PBXShellScriptBuildPhase;
			alwaysOutOfDate = 1;
			buildActionMask = 2147483647;
			files = (
			);
			inputFileListPaths = (
			);
			inputPaths = (
			);
			name = Minify;
			outputFileListPaths = (
			);
			outputPaths = (
			);
			runOnlyForDeploymentPostprocessing = 0;
			shellPath = /bin/sh;
			shellScript = "if [ \"${CONFIGURATION}\" = \"Release\" ]; then\n\npython3 Vendor/appscripts/plist-minify.py\npython3 Vendor/appscripts/json-minify.py\n\nfi\n";
			showEnvVarsInLog = 0;
		};
/* End PBXShellScriptBuildPhase section */

/* Begin PBXSourcesBuildPhase section */
		222802B11D52D1C90059CEF7 /* Sources */ = {
			isa = PBXSourcesBuildPhase;
			buildActionMask = 2147483647;
			files = (
				22D2838E2BE87ED3005E2071 /* command.c in Sources */,
				22D2839C2BE87ED3005E2071 /* utf8_util.c in Sources */,
				22D283922BE87ED3005E2071 /* dictionary_hash.c in Sources */,
				22D283982BE87ED3005E2071 /* literal_cost.c in Sources */,
				2209D5521D5D6FD400F49DAB /* SAMKeychainQuery.m in Sources */,
				22DE17BA1D721B1D003DC15C /* NSURL+Rhea.m in Sources */,
				22D283892BE87ED3005E2071 /* backward_references.c in Sources */,
				222802CC1D52D9550059CEF7 /* TJDropbox.m in Sources */,
				22D283972BE87ED3005E2071 /* histogram.c in Sources */,
				22D283802BE87ED3005E2071 /* dictionary.c in Sources */,
				22D2839B2BE87ED3005E2071 /* static_dict.c in Sources */,
				22D283932BE87ED3005E2071 /* encode.c in Sources */,
				22D2837F2BE87ED3005E2071 /* context.c in Sources */,
				22D2838D2BE87ED3005E2071 /* cluster.c in Sources */,
				22D2838F2BE87ED3005E2071 /* compound_dictionary.c in Sources */,
				22D283A02BE87ED3005E2071 /* NSData+TJBrotli.m in Sources */,
				22D2838A2BE87ED3005E2071 /* bit_cost.c in Sources */,
				22D2838C2BE87ED3005E2071 /* brotli_bit_stream.c in Sources */,
				227C14D91D55B4D60043EABC /* RHEAEntityResolver.m in Sources */,
				22D283992BE87ED3005E2071 /* memory.c in Sources */,
				22D283882BE87ED3005E2071 /* backward_references_hq.c in Sources */,
				22D283822BE87ED3005E2071 /* shared_dictionary.c in Sources */,
				22D2839A2BE87ED3005E2071 /* metablock.c in Sources */,
				22D283912BE87ED3005E2071 /* compress_fragment.c in Sources */,
				22D283942BE87ED3005E2071 /* encoder_dict.c in Sources */,
				22D283832BE87ED3005E2071 /* transform.c in Sources */,
				2261D4AC1D7219B300E6ECDD /* RHEAMenuItem.m in Sources */,
				222802BD1D52D1C90059CEF7 /* main.m in Sources */,
				22D283962BE87ED3005E2071 /* fast_log.c in Sources */,
				2209D5511D5D6FD400F49DAB /* SAMKeychain.m in Sources */,
				22D2837E2BE87ED3005E2071 /* constants.c in Sources */,
				22D2838B2BE87ED3005E2071 /* block_splitter.c in Sources */,
				22D283952BE87ED3005E2071 /* entropy_encode.c in Sources */,
				22B48CBA207A942C00C5BFA9 /* TJURLShortener.m in Sources */,
				22D283902BE87ED3005E2071 /* compress_fragment_two_pass.c in Sources */,
				22D283812BE87ED3005E2071 /* platform.c in Sources */,
				222802BA1D52D1C90059CEF7 /* AppDelegate.m in Sources */,
			);
			runOnlyForDeploymentPostprocessing = 0;
		};
/* End PBXSourcesBuildPhase section */

/* Begin PBXVariantGroup section */
		222802C01D52D1C90059CEF7 /* MainMenu.xib */ = {
			isa = PBXVariantGroup;
			children = (
				222802C11D52D1C90059CEF7 /* Base */,
			);
			name = MainMenu.xib;
			sourceTree = "<group>";
		};
/* End PBXVariantGroup section */

/* Begin XCBuildConfiguration section */
		222802C41D52D1C90059CEF7 /* Debug */ = {
			isa = XCBuildConfiguration;
			buildSettings = {
				ALWAYS_SEARCH_USER_PATHS = NO;
				CLANG_ANALYZER_NONNULL = YES;
				CLANG_CXX_LANGUAGE_STANDARD = "gnu++0x";
				CLANG_CXX_LIBRARY = "libc++";
				CLANG_ENABLE_MODULES = YES;
				CLANG_ENABLE_OBJC_ARC = YES;
				CLANG_WARN_BLOCK_CAPTURE_AUTORELEASING = YES;
				CLANG_WARN_BOOL_CONVERSION = YES;
				CLANG_WARN_COMMA = YES;
				CLANG_WARN_CONSTANT_CONVERSION = YES;
				CLANG_WARN_DEPRECATED_OBJC_IMPLEMENTATIONS = YES;
				CLANG_WARN_DIRECT_OBJC_ISA_USAGE = YES_ERROR;
				CLANG_WARN_EMPTY_BODY = YES;
				CLANG_WARN_ENUM_CONVERSION = YES;
				CLANG_WARN_INFINITE_RECURSION = YES;
				CLANG_WARN_INT_CONVERSION = YES;
				CLANG_WARN_NON_LITERAL_NULL_CONVERSION = YES;
				CLANG_WARN_OBJC_IMPLICIT_RETAIN_SELF = YES;
				CLANG_WARN_OBJC_LITERAL_CONVERSION = YES;
				CLANG_WARN_OBJC_ROOT_CLASS = YES_ERROR;
				CLANG_WARN_QUOTED_INCLUDE_IN_FRAMEWORK_HEADER = YES;
				CLANG_WARN_RANGE_LOOP_ANALYSIS = YES;
				CLANG_WARN_STRICT_PROTOTYPES = YES;
				CLANG_WARN_SUSPICIOUS_MOVE = YES;
				CLANG_WARN_UNREACHABLE_CODE = YES;
				CLANG_WARN__DUPLICATE_METHOD_MATCH = YES;
				CODE_SIGN_IDENTITY = "-";
				COPY_PHASE_STRIP = NO;
				DEAD_CODE_STRIPPING = YES;
				DEBUG_INFORMATION_FORMAT = dwarf;
				ENABLE_STRICT_OBJC_MSGSEND = YES;
				ENABLE_TESTABILITY = YES;
				GCC_C_LANGUAGE_STANDARD = gnu99;
				GCC_DYNAMIC_NO_PIC = NO;
				GCC_NO_COMMON_BLOCKS = YES;
				GCC_OPTIMIZATION_LEVEL = 0;
				GCC_PREPROCESSOR_DEFINITIONS = (
					"DEBUG=1",
					"$(inherited)",
				);
				GCC_WARN_64_TO_32_BIT_CONVERSION = YES;
				GCC_WARN_ABOUT_RETURN_TYPE = YES_ERROR;
				GCC_WARN_UNDECLARED_SELECTOR = YES;
				GCC_WARN_UNINITIALIZED_AUTOS = YES_AGGRESSIVE;
				GCC_WARN_UNUSED_FUNCTION = YES;
				GCC_WARN_UNUSED_VARIABLE = YES;
				MACOSX_DEPLOYMENT_TARGET = 10.15;
				MTL_ENABLE_DEBUG_INFO = YES;
				ONLY_ACTIVE_ARCH = YES;
				SDKROOT = macosx;
			};
			name = Debug;
		};
		222802C51D52D1C90059CEF7 /* Release */ = {
			isa = XCBuildConfiguration;
			buildSettings = {
				ALWAYS_SEARCH_USER_PATHS = NO;
				CLANG_ANALYZER_NONNULL = YES;
				CLANG_CXX_LANGUAGE_STANDARD = "gnu++0x";
				CLANG_CXX_LIBRARY = "libc++";
				CLANG_ENABLE_MODULES = YES;
				CLANG_ENABLE_OBJC_ARC = YES;
				CLANG_WARN_BLOCK_CAPTURE_AUTORELEASING = YES;
				CLANG_WARN_BOOL_CONVERSION = YES;
				CLANG_WARN_COMMA = YES;
				CLANG_WARN_CONSTANT_CONVERSION = YES;
				CLANG_WARN_DEPRECATED_OBJC_IMPLEMENTATIONS = YES;
				CLANG_WARN_DIRECT_OBJC_ISA_USAGE = YES_ERROR;
				CLANG_WARN_EMPTY_BODY = YES;
				CLANG_WARN_ENUM_CONVERSION = YES;
				CLANG_WARN_INFINITE_RECURSION = YES;
				CLANG_WARN_INT_CONVERSION = YES;
				CLANG_WARN_NON_LITERAL_NULL_CONVERSION = YES;
				CLANG_WARN_OBJC_IMPLICIT_RETAIN_SELF = YES;
				CLANG_WARN_OBJC_LITERAL_CONVERSION = YES;
				CLANG_WARN_OBJC_ROOT_CLASS = YES_ERROR;
				CLANG_WARN_QUOTED_INCLUDE_IN_FRAMEWORK_HEADER = YES;
				CLANG_WARN_RANGE_LOOP_ANALYSIS = YES;
				CLANG_WARN_STRICT_PROTOTYPES = YES;
				CLANG_WARN_SUSPICIOUS_MOVE = YES;
				CLANG_WARN_UNREACHABLE_CODE = YES;
				CLANG_WARN__DUPLICATE_METHOD_MATCH = YES;
				CODE_SIGN_IDENTITY = "-";
				COPY_PHASE_STRIP = NO;
				DEAD_CODE_STRIPPING = YES;
				DEBUG_INFORMATION_FORMAT = "dwarf-with-dsym";
				ENABLE_NS_ASSERTIONS = NO;
				ENABLE_STRICT_OBJC_MSGSEND = YES;
				GCC_C_LANGUAGE_STANDARD = gnu99;
				GCC_NO_COMMON_BLOCKS = YES;
				GCC_WARN_64_TO_32_BIT_CONVERSION = YES;
				GCC_WARN_ABOUT_RETURN_TYPE = YES_ERROR;
				GCC_WARN_UNDECLARED_SELECTOR = YES;
				GCC_WARN_UNINITIALIZED_AUTOS = YES_AGGRESSIVE;
				GCC_WARN_UNUSED_FUNCTION = YES;
				GCC_WARN_UNUSED_VARIABLE = YES;
				MACOSX_DEPLOYMENT_TARGET = 10.15;
				MTL_ENABLE_DEBUG_INFO = NO;
				SDKROOT = macosx;
			};
			name = Release;
		};
		222802C71D52D1C90059CEF7 /* Debug */ = {
			isa = XCBuildConfiguration;
			buildSettings = {
				ASSETCATALOG_COMPILER_APPICON_NAME = AppIcon;
				CLANG_WARN_UNGUARDED_AVAILABILITY = YES_AGGRESSIVE;
				CODE_SIGN_ENTITLEMENTS = Rhea/Rhea.entitlements;
				COMBINE_HIDPI_IMAGES = YES;
				DEAD_CODE_STRIPPING = YES;
				ENABLE_HARDENED_RUNTIME = YES;
				INFOPLIST_FILE = Rhea/Info.plist;
				INFOPLIST_KEY_LSApplicationCategoryType = "public.app-category.utilities";
				LD_RUNPATH_SEARCH_PATHS = (
					"$(inherited)",
					"@executable_path/../Frameworks",
				);
				PRODUCT_BUNDLE_IDENTIFIER = com.tijo.Rhea;
				PRODUCT_NAME = "$(TARGET_NAME)";
			};
			name = Debug;
		};
		222802C81D52D1C90059CEF7 /* Release */ = {
			isa = XCBuildConfiguration;
			buildSettings = {
				ASSETCATALOG_COMPILER_APPICON_NAME = AppIcon;
				CLANG_WARN_UNGUARDED_AVAILABILITY = YES_AGGRESSIVE;
				CODE_SIGN_ENTITLEMENTS = Rhea/Rhea.entitlements;
				COMBINE_HIDPI_IMAGES = YES;
				DEAD_CODE_STRIPPING = YES;
				ENABLE_HARDENED_RUNTIME = YES;
				INFOPLIST_FILE = Rhea/Info.plist;
				INFOPLIST_KEY_LSApplicationCategoryType = "public.app-category.utilities";
				LD_RUNPATH_SEARCH_PATHS = (
					"$(inherited)",
					"@executable_path/../Frameworks",
				);
				PRODUCT_BUNDLE_IDENTIFIER = com.tijo.Rhea;
				PRODUCT_NAME = "$(TARGET_NAME)";
			};
			name = Release;
		};
/* End XCBuildConfiguration section */

/* Begin XCConfigurationList section */
		222802B01D52D1C90059CEF7 /* Build configuration list for PBXProject "Rhea" */ = {
			isa = XCConfigurationList;
			buildConfigurations = (
				222802C41D52D1C90059CEF7 /* Debug */,
				222802C51D52D1C90059CEF7 /* Release */,
			);
			defaultConfigurationIsVisible = 0;
			defaultConfigurationName = Release;
		};
		222802C61D52D1C90059CEF7 /* Build configuration list for PBXNativeTarget "Rhea" */ = {
			isa = XCConfigurationList;
			buildConfigurations = (
				222802C71D52D1C90059CEF7 /* Debug */,
				222802C81D52D1C90059CEF7 /* Release */,
			);
			defaultConfigurationIsVisible = 0;
			defaultConfigurationName = Release;
		};
/* End XCConfigurationList section */
	};
	rootObject = 222802AD1D52D1C90059CEF7 /* Project object */;
}
